
Microsoft Visual Studio Solution File, Format Version 12.00
# Visual Studio Version 17
VisualStudioVersion = 17.14.36603.0
MinimumVisualStudioVersion = 10.0.40219.1
Project("{FAE04EC0-301F-11D3-BF4B-00C04F79EFBC}") = "CongressCucuta", "CongressCucuta\CongressCucuta.csproj", "{CE63FA1F-F9C5-4488-9DF0-FC5D8C7492F1}"
EndProject
Project("{FAE04EC0-301F-11D3-BF4B-00C04F79EFBC}") = "CongressCucuta.Tests", "CongressCucuta.Tests\CongressCucuta.Tests.csproj", "{F7834D53-CC6C-4518-806B-E90D143E2285}"
EndProject
Global
	GlobalSection(SolutionConfigurationPlatforms) = preSolution
		Debug|Any CPU = Debug|Any CPU
		Release|Any CPU = Release|Any CPU
	EndGlobalSection
	GlobalSection(ProjectConfigurationPlatforms) = postSolution
		{CE63FA1F-F9C5-4488-9DF0-FC5D8C7492F1}.Debug|Any CPU.ActiveCfg = Debug|Any CPU
		{CE63FA1F-F9C5-4488-9DF0-FC5D8C7492F1}.Debug|Any CPU.Build.0 = Debug|Any CPU
		{CE63FA1F-F9C5-4488-9DF0-FC5D8C7492F1}.Release|Any CPU.ActiveCfg = Release|Any CPU
		{CE63FA1F-F9C5-4488-9DF0-FC5D8C7492F1}.Release|Any CPU.Build.0 = Release|Any CPU
		{F7834D53-CC6C-4518-806B-E90D143E2285}.Debug|Any CPU.ActiveCfg = Debug|Any CPU
		{F7834D53-CC6C-4518-806B-E90D143E2285}.Debug|Any CPU.Build.0 = Debug|Any CPU
		{F7834D53-CC6C-4518-806B-E90D143E2285}.Release|Any CPU.ActiveCfg = Release|Any CPU
		{F7834D53-CC6C-4518-806B-E90D143E2285}.Release|Any CPU.Build.0 = Release|Any CPU
	EndGlobalSection
	GlobalSection(SolutionProperties) = preSolution
		HideSolutionNode = FALSE
	EndGlobalSection
	GlobalSection(ExtensibilityGlobals) = postSolution
		SolutionGuid = {FB54488A-2BBD-45E2-AABD-B0AEB11986AC}
	EndGlobalSection
EndGlobal
